<Solution>
  <Folder Name="/src/">
    <Project Path="ContactsManager.Core/ContactsManager.Core.csproj" />
    <Project Path="ContactsManager.Infrastructure/ContactsManager.Infrastructure.csproj" Id="a316665a-ab3c-493f-a264-2e1fccee4f62" />
    <Project Path="ContactsManager.UI/ContactsManager.UI.csproj" />
  </Folder>
  <Folder Name="/tests/" />
</Solution>
